// !$*UTF8*$!
{
	archiveVersion = 1;
	classes = {
	};
	objectVersion = 56;
	objects = {

/* Begin PBXBuildFile section */
		2F2AAB222A8ECCBE001BF95E /* PieChart.swift in Sources */ = {isa = PBXBuildFile; fileRef = 2F2AAB212A8ECCBE001BF95E /* PieChart.swift */; };
		2F2AAB242A8ECE2B001BF95E /* DonutChart.swift in Sources */ = {isa = PBXBuildFile; fileRef = 2F2AAB232A8ECE2B001BF95E /* DonutChart.swift */; };
		2F79829F2936572000F8DA40 /* TimeSheetBarChart.swift in Sources */ = {isa = PBXBuildFile; fileRef = 2F79829E2936572000F8DA40 /* TimeSheetBarChart.swift */; };
		2F7982A12936614F00F8DA40 /* TimeEntry.swift in Sources */ = {isa = PBXBuildFile; fileRef = 2F7982A02936614F00F8DA40 /* TimeEntry.swift */; };
		2F7982A32936773200F8DA40 /* SoundBarChart.swift in Sources */ = {isa = PBXBuildFile; fileRef = 2F7982A22936773200F8DA40 /* SoundBarChart.swift */; };
		2F7982A5293677D100F8DA40 /* Sound.swift in Sources */ = {isa = PBXBuildFile; fileRef = 2F7982A4293677D100F8DA40 /* Sound.swift */; };
		2F7982A729367C4200F8DA40 /* ScreenTime.swift in Sources */ = {isa = PBXBuildFile; fileRef = 2F7982A629367C4200F8DA40 /* ScreenTime.swift */; };
		2F7982A929367F8200F8DA40 /* ScreenTimeBarChart.swift in Sources */ = {isa = PBXBuildFile; fileRef = 2F7982A829367F8200F8DA40 /* ScreenTimeBarChart.swift */; };
		2F7982AB293687D900F8DA40 /* Storage.swift in Sources */ = {isa = PBXBuildFile; fileRef = 2F7982AA293687D900F8DA40 /* Storage.swift */; };
		2F7982AD2936D13B00F8DA40 /* PointLineChart.swift in Sources */ = {isa = PBXBuildFile; fileRef = 2F7982AC2936D13B00F8DA40 /* PointLineChart.swift */; };
		2F7982AF2937045700F8DA40 /* GradientLineChart.swift in Sources */ = {isa = PBXBuildFile; fileRef = 2F7982AE2937045700F8DA40 /* GradientLineChart.swift */; };
		2F7982B12937092800F8DA40 /* MultipleLineThresholdChart.swift in Sources */ = {isa = PBXBuildFile; fileRef = 2F7982B02937092800F8DA40 /* MultipleLineThresholdChart.swift */; };
		2F7982B3293711FA00F8DA40 /* PointAverageChart.swift in Sources */ = {isa = PBXBuildFile; fileRef = 2F7982B2293711FA00F8DA40 /* PointAverageChart.swift */; };
		2FE3FBAF2935194C0008FB33 /* SwiftChartsDemoApp.swift in Sources */ = {isa = PBXBuildFile; fileRef = 2FE3FBAE2935194C0008FB33 /* SwiftChartsDemoApp.swift */; };
		2FE3FBB12935194C0008FB33 /* ContentView.swift in Sources */ = {isa = PBXBuildFile; fileRef = 2FE3FBB02935194C0008FB33 /* ContentView.swift */; };
		2FE3FBB32935194D0008FB33 /* Assets.xcassets in Resources */ = {isa = PBXBuildFile; fileRef = 2FE3FBB22935194D0008FB33 /* Assets.xcassets */; };
		2FE3FBB62935194D0008FB33 /* Preview Assets.xcassets in Resources */ = {isa = PBXBuildFile; fileRef = 2FE3FBB52935194D0008FB33 /* Preview Assets.xcassets */; };
		2FE3FBBE293519CD0008FB33 /* Toy.swift in Sources */ = {isa = PBXBuildFile; fileRef = 2FE3FBBD293519CD0008FB33 /* Toy.swift */; };
		2FE3FBC529352F3D0008FB33 /* Food.swift in Sources */ = {isa = PBXBuildFile; fileRef = 2FE3FBC429352F3D0008FB33 /* Food.swift */; };
		2FE3FBC729352FEE0008FB33 /* SimpleAreaChartView.swift in Sources */ = {isa = PBXBuildFile; fileRef = 2FE3FBC629352FEE0008FB33 /* SimpleAreaChartView.swift */; };
		2FE3FBC9293537E70008FB33 /* StackedAreaChartView.swift in Sources */ = {isa = PBXBuildFile; fileRef = 2FE3FBC8293537E70008FB33 /* StackedAreaChartView.swift */; };
		2FE3FBCB29353B0E0008FB33 /* Weather.swift in Sources */ = {isa = PBXBuildFile; fileRef = 2FE3FBCA29353B0E0008FB33 /* Weather.swift */; };
		2FE3FBCD29353CDB0008FB33 /* RangeAreaChartView.swift in Sources */ = {isa = PBXBuildFile; fileRef = 2FE3FBCC29353CDB0008FB33 /* RangeAreaChartView.swift */; };
		2FE3FBCF29353F870008FB33 /* SimpleLineChart.swift in Sources */ = {isa = PBXBuildFile; fileRef = 2FE3FBCE29353F870008FB33 /* SimpleLineChart.swift */; };
		2FE3FBD1293540870008FB33 /* MultipleLineChart.swift in Sources */ = {isa = PBXBuildFile; fileRef = 2FE3FBD0293540870008FB33 /* MultipleLineChart.swift */; };
		2FE3FBD32935429B0008FB33 /* SimplePointChart.swift in Sources */ = {isa = PBXBuildFile; fileRef = 2FE3FBD22935429B0008FB33 /* SimplePointChart.swift */; };
		2FE3FBD5293542EF0008FB33 /* StackedPointChart.swift in Sources */ = {isa = PBXBuildFile; fileRef = 2FE3FBD4293542EF0008FB33 /* StackedPointChart.swift */; };
		2FE3FBD9293546510008FB33 /* HeatMapChart.swift in Sources */ = {isa = PBXBuildFile; fileRef = 2FE3FBD8293546510008FB33 /* HeatMapChart.swift */; };
		2FE3FBDB293546820008FB33 /* MatrixEntry.swift in Sources */ = {isa = PBXBuildFile; fileRef = 2FE3FBDA293546820008FB33 /* MatrixEntry.swift */; };
		2FE3FBDD293548090008FB33 /* SimpleRectangleChart.swift in Sources */ = {isa = PBXBuildFile; fileRef = 2FE3FBDC293548090008FB33 /* SimpleRectangleChart.swift */; };
		2FE3FBDF2935492E0008FB33 /* Coordinates.swift in Sources */ = {isa = PBXBuildFile; fileRef = 2FE3FBDE2935492E0008FB33 /* Coordinates.swift */; };
		2FE3FBE1293549DC0008FB33 /* RectanglePointChart.swift in Sources */ = {isa = PBXBuildFile; fileRef = 2FE3FBE0293549DC0008FB33 /* RectanglePointChart.swift */; };
		2FE3FBE3293559D40008FB33 /* SimpleRuleMarkChart.swift in Sources */ = {isa = PBXBuildFile; fileRef = 2FE3FBE2293559D40008FB33 /* SimpleRuleMarkChart.swift */; };
		2FE3FBE529355B640008FB33 /* StackedRuleMarkChart.swift in Sources */ = {isa = PBXBuildFile; fileRef = 2FE3FBE429355B640008FB33 /* StackedRuleMarkChart.swift */; };
		2FE3FBE929355E0D0008FB33 /* StorageBarChartView.swift in Sources */ = {isa = PBXBuildFile; fileRef = 2FE3FBE829355E0D0008FB33 /* StorageBarChartView.swift */; };
		2FE3FBFA293566B00008FB33 /* AllChartTypesListView.swift in Sources */ = {isa = PBXBuildFile; fileRef = 2FE3FBF9293566B00008FB33 /* AllChartTypesListView.swift */; };
		2FE3FBFC2935670E0008FB33 /* ChartTypeExamplesListView.swift in Sources */ = {isa = PBXBuildFile; fileRef = 2FE3FBFB2935670E0008FB33 /* ChartTypeExamplesListView.swift */; };
		2FE3FBFE29356D4D0008FB33 /* ChartType.swift in Sources */ = {isa = PBXBuildFile; fileRef = 2FE3FBFD29356D4D0008FB33 /* ChartType.swift */; };
		2FE3FC0029357C470008FB33 /* PyramidBarChart.swift in Sources */ = {isa = PBXBuildFile; fileRef = 2FE3FBFF29357C470008FB33 /* PyramidBarChart.swift */; };
		2FE3FC02293581F20008FB33 /* Population.swift in Sources */ = {isa = PBXBuildFile; fileRef = 2FE3FC01293581F20008FB33 /* Population.swift */; };
		2FE3FC042935831F0008FB33 /* SingleBarChart.swift in Sources */ = {isa = PBXBuildFile; fileRef = 2FE3FC032935831F0008FB33 /* SingleBarChart.swift */; };
		2FE3FC062935892E0008FB33 /* SingleBarThresholdChart.swift in Sources */ = {isa = PBXBuildFile; fileRef = 2FE3FC052935892E0008FB33 /* SingleBarThresholdChart.swift */; };
		2FE3FC0829358AE80008FB33 /* CumulativeBarChart.swift in Sources */ = {isa = PBXBuildFile; fileRef = 2FE3FC0729358AE80008FB33 /* CumulativeBarChart.swift */; };
		2FE3FC0A29358DC20008FB33 /* ScrollingBarChart.swift in Sources */ = {isa = PBXBuildFile; fileRef = 2FE3FC0929358DC20008FB33 /* ScrollingBarChart.swift */; };
/* End PBXBuildFile section */

/* Begin PBXFileReference section */
		2F2AAB212A8ECCBE001BF95E /* PieChart.swift */ = {isa = PBXFileReference; lastKnownFileType = sourcecode.swift; path = PieChart.swift; sourceTree = "<group>"; };
		2F2AAB232A8ECE2B001BF95E /* DonutChart.swift */ = {isa = PBXFileReference; lastKnownFileType = sourcecode.swift; path = DonutChart.swift; sourceTree = "<group>"; };
		2F79829E2936572000F8DA40 /* TimeSheetBarChart.swift */ = {isa = PBXFileReference; lastKnownFileType = sourcecode.swift; path = TimeSheetBarChart.swift; sourceTree = "<group>"; };
		2F7982A02936614F00F8DA40 /* TimeEntry.swift */ = {isa = PBXFileReference; lastKnownFileType = sourcecode.swift; path = TimeEntry.swift; sourceTree = "<group>"; };
		2F7982A22936773200F8DA40 /* SoundBarChart.swift */ = {isa = PBXFileReference; lastKnownFileType = sourcecode.swift; path = SoundBarChart.swift; sourceTree = "<group>"; };
		2F7982A4293677D100F8DA40 /* Sound.swift */ = {isa = PBXFileReference; lastKnownFileType = sourcecode.swift; path = Sound.swift; sourceTree = "<group>"; };
		2F7982A629367C4200F8DA40 /* ScreenTime.swift */ = {isa = PBXFileReference; lastKnownFileType = sourcecode.swift; path = ScreenTime.swift; sourceTree = "<group>"; };
		2F7982A829367F8200F8DA40 /* ScreenTimeBarChart.swift */ = {isa = PBXFileReference; lastKnownFileType = sourcecode.swift; path = ScreenTimeBarChart.swift; sourceTree = "<group>"; };
		2F7982AA293687D900F8DA40 /* Storage.swift */ = {isa = PBXFileReference; lastKnownFileType = sourcecode.swift; path = Storage.swift; sourceTree = "<group>"; };
		2F7982AC2936D13B00F8DA40 /* PointLineChart.swift */ = {isa = PBXFileReference; lastKnownFileType = sourcecode.swift; path = PointLineChart.swift; sourceTree = "<group>"; };
		2F7982AE2937045700F8DA40 /* GradientLineChart.swift */ = {isa = PBXFileReference; lastKnownFileType = sourcecode.swift; path = GradientLineChart.swift; sourceTree = "<group>"; };
		2F7982B02937092800F8DA40 /* MultipleLineThresholdChart.swift */ = {isa = PBXFileReference; lastKnownFileType = sourcecode.swift; path = MultipleLineThresholdChart.swift; sourceTree = "<group>"; };
		2F7982B2293711FA00F8DA40 /* PointAverageChart.swift */ = {isa = PBXFileReference; lastKnownFileType = sourcecode.swift; path = PointAverageChart.swift; sourceTree = "<group>"; };
		2FE3FBAB2935194C0008FB33 /* SwiftChartsDemo.app */ = {isa = PBXFileReference; explicitFileType = wrapper.application; includeInIndex = 0; path = SwiftChartsDemo.app; sourceTree = BUILT_PRODUCTS_DIR; };
		2FE3FBAE2935194C0008FB33 /* SwiftChartsDemoApp.swift */ = {isa = PBXFileReference; lastKnownFileType = sourcecode.swift; path = SwiftChartsDemoApp.swift; sourceTree = "<group>"; };
		2FE3FBB02935194C0008FB33 /* ContentView.swift */ = {isa = PBXFileReference; lastKnownFileType = sourcecode.swift; path = ContentView.swift; sourceTree = "<group>"; };
		2FE3FBB22935194D0008FB33 /* Assets.xcassets */ = {isa = PBXFileReference; lastKnownFileType = folder.assetcatalog; path = Assets.xcassets; sourceTree = "<group>"; };
		2FE3FBB52935194D0008FB33 /* Preview Assets.xcassets */ = {isa = PBXFileReference; lastKnownFileType = folder.assetcatalog; path = "Preview Assets.xcassets"; sourceTree = "<group>"; };
		2FE3FBBD293519CD0008FB33 /* Toy.swift */ = {isa = PBXFileReference; lastKnownFileType = sourcecode.swift; path = Toy.swift; sourceTree = "<group>"; };
		2FE3FBC429352F3D0008FB33 /* Food.swift */ = {isa = PBXFileReference; lastKnownFileType = sourcecode.swift; path = Food.swift; sourceTree = "<group>"; };
		2FE3FBC629352FEE0008FB33 /* SimpleAreaChartView.swift */ = {isa = PBXFileReference; lastKnownFileType = sourcecode.swift; path = SimpleAreaChartView.swift; sourceTree = "<group>"; };
		2FE3FBC8293537E70008FB33 /* StackedAreaChartView.swift */ = {isa = PBXFileReference; lastKnownFileType = sourcecode.swift; path = StackedAreaChartView.swift; sourceTree = "<group>"; };
		2FE3FBCA29353B0E0008FB33 /* Weather.swift */ = {isa = PBXFileReference; lastKnownFileType = sourcecode.swift; path = Weather.swift; sourceTree = "<group>"; };
		2FE3FBCC29353CDB0008FB33 /* RangeAreaChartView.swift */ = {isa = PBXFileReference; lastKnownFileType = sourcecode.swift; path = RangeAreaChartView.swift; sourceTree = "<group>"; };
		2FE3FBCE29353F870008FB33 /* SimpleLineChart.swift */ = {isa = PBXFileReference; lastKnownFileType = sourcecode.swift; path = SimpleLineChart.swift; sourceTree = "<group>"; };
		2FE3FBD0293540870008FB33 /* MultipleLineChart.swift */ = {isa = PBXFileReference; lastKnownFileType = sourcecode.swift; path = MultipleLineChart.swift; sourceTree = "<group>"; };
		2FE3FBD22935429B0008FB33 /* SimplePointChart.swift */ = {isa = PBXFileReference; lastKnownFileType = sourcecode.swift; path = SimplePointChart.swift; sourceTree = "<group>"; };
		2FE3FBD4293542EF0008FB33 /* StackedPointChart.swift */ = {isa = PBXFileReference; lastKnownFileType = sourcecode.swift; path = StackedPointChart.swift; sourceTree = "<group>"; };
		2FE3FBD8293546510008FB33 /* HeatMapChart.swift */ = {isa = PBXFileReference; lastKnownFileType = sourcecode.swift; path = HeatMapChart.swift; sourceTree = "<group>"; };
		2FE3FBDA293546820008FB33 /* MatrixEntry.swift */ = {isa = PBXFileReference; lastKnownFileType = sourcecode.swift; path = MatrixEntry.swift; sourceTree = "<group>"; };
		2FE3FBDC293548090008FB33 /* SimpleRectangleChart.swift */ = {isa = PBXFileReference; lastKnownFileType = sourcecode.swift; path = SimpleRectangleChart.swift; sourceTree = "<group>"; };
		2FE3FBDE2935492E0008FB33 /* Coordinates.swift */ = {isa = PBXFileReference; lastKnownFileType = sourcecode.swift; path = Coordinates.swift; sourceTree = "<group>"; };
		2FE3FBE0293549DC0008FB33 /* RectanglePointChart.swift */ = {isa = PBXFileReference; lastKnownFileType = sourcecode.swift; path = RectanglePointChart.swift; sourceTree = "<group>"; };
		2FE3FBE2293559D40008FB33 /* SimpleRuleMarkChart.swift */ = {isa = PBXFileReference; lastKnownFileType = sourcecode.swift; path = SimpleRuleMarkChart.swift; sourceTree = "<group>"; };
		2FE3FBE429355B640008FB33 /* StackedRuleMarkChart.swift */ = {isa = PBXFileReference; lastKnownFileType = sourcecode.swift; path = StackedRuleMarkChart.swift; sourceTree = "<group>"; };
		2FE3FBE829355E0D0008FB33 /* StorageBarChartView.swift */ = {isa = PBXFileReference; lastKnownFileType = sourcecode.swift; path = StorageBarChartView.swift; sourceTree = "<group>"; };
		2FE3FBF9293566B00008FB33 /* AllChartTypesListView.swift */ = {isa = PBXFileReference; lastKnownFileType = sourcecode.swift; path = AllChartTypesListView.swift; sourceTree = "<group>"; };
		2FE3FBFB2935670E0008FB33 /* ChartTypeExamplesListView.swift */ = {isa = PBXFileReference; lastKnownFileType = sourcecode.swift; path = ChartTypeExamplesListView.swift; sourceTree = "<group>"; };
		2FE3FBFD29356D4D0008FB33 /* ChartType.swift */ = {isa = PBXFileReference; lastKnownFileType = sourcecode.swift; path = ChartType.swift; sourceTree = "<group>"; };
		2FE3FBFF29357C470008FB33 /* PyramidBarChart.swift */ = {isa = PBXFileReference; lastKnownFileType = sourcecode.swift; path = PyramidBarChart.swift; sourceTree = "<group>"; };
		2FE3FC01293581F20008FB33 /* Population.swift */ = {isa = PBXFileReference; lastKnownFileType = sourcecode.swift; path = Population.swift; sourceTree = "<group>"; };
		2FE3FC032935831F0008FB33 /* SingleBarChart.swift */ = {isa = PBXFileReference; lastKnownFileType = sourcecode.swift; path = SingleBarChart.swift; sourceTree = "<group>"; };
		2FE3FC052935892E0008FB33 /* SingleBarThresholdChart.swift */ = {isa = PBXFileReference; lastKnownFileType = sourcecode.swift; path = SingleBarThresholdChart.swift; sourceTree = "<group>"; };
		2FE3FC0729358AE80008FB33 /* CumulativeBarChart.swift */ = {isa = PBXFileReference; lastKnownFileType = sourcecode.swift; path = CumulativeBarChart.swift; sourceTree = "<group>"; };
		2FE3FC0929358DC20008FB33 /* ScrollingBarChart.swift */ = {isa = PBXFileReference; lastKnownFileType = sourcecode.swift; path = ScrollingBarChart.swift; sourceTree = "<group>"; };
/* End PBXFileReference section */

/* Begin PBXFrameworksBuildPhase section */
		2FE3FBA82935194C0008FB33 /* Frameworks */ = {
			isa = PBXFrameworksBuildPhase;
			buildActionMask = 2147483647;
			files = (
			);
			runOnlyForDeploymentPostprocessing = 0;
		};
/* End PBXFrameworksBuildPhase section */

/* Begin PBXGroup section */
		2F2AAB202A8ECC91001BF95E /* PieDonutCharts */ = {
			isa = PBXGroup;
			children = (
				2F2AAB212A8ECCBE001BF95E /* PieChart.swift */,
				2F2AAB232A8ECE2B001BF95E /* DonutChart.swift */,
			);
			path = PieDonutCharts;
			sourceTree = "<group>";
		};
		2FE3FBA22935194C0008FB33 = {
			isa = PBXGroup;
			children = (
				2FE3FBAD2935194C0008FB33 /* SwiftChartsDemo */,
				2FE3FBAC2935194C0008FB33 /* Products */,
			);
			sourceTree = "<group>";
		};
		2FE3FBAC2935194C0008FB33 /* Products */ = {
			isa = PBXGroup;
			children = (
				2FE3FBAB2935194C0008FB33 /* SwiftChartsDemo.app */,
			);
			name = Products;
			sourceTree = "<group>";
		};
		2FE3FBAD2935194C0008FB33 /* SwiftChartsDemo */ = {
			isa = PBXGroup;
			children = (
				2FE3FBBF29351AF00008FB33 /* Views */,
				2FE3FBBC293519B30008FB33 /* DataModels */,
				2FE3FBAE2935194C0008FB33 /* SwiftChartsDemoApp.swift */,
				2FE3FBB02935194C0008FB33 /* ContentView.swift */,
				2FE3FBB22935194D0008FB33 /* Assets.xcassets */,
				2FE3FBB42935194D0008FB33 /* Preview Content */,
			);
			path = SwiftChartsDemo;
			sourceTree = "<group>";
		};
		2FE3FBB42935194D0008FB33 /* Preview Content */ = {
			isa = PBXGroup;
			children = (
				2FE3FBB52935194D0008FB33 /* Preview Assets.xcassets */,
			);
			path = "Preview Content";
			sourceTree = "<group>";
		};
		2FE3FBBC293519B30008FB33 /* DataModels */ = {
			isa = PBXGroup;
			children = (
				2FE3FBBD293519CD0008FB33 /* Toy.swift */,
				2FE3FBC429352F3D0008FB33 /* Food.swift */,
				2FE3FBCA29353B0E0008FB33 /* Weather.swift */,
				2FE3FBDA293546820008FB33 /* MatrixEntry.swift */,
				2FE3FBDE2935492E0008FB33 /* Coordinates.swift */,
				2FE3FC01293581F20008FB33 /* Population.swift */,
				2F7982A02936614F00F8DA40 /* TimeEntry.swift */,
				2F7982A4293677D100F8DA40 /* Sound.swift */,
				2F7982A629367C4200F8DA40 /* ScreenTime.swift */,
				2F7982AA293687D900F8DA40 /* Storage.swift */,
				2FE3FBFD29356D4D0008FB33 /* ChartType.swift */,
			);
			path = DataModels;
			sourceTree = "<group>";
		};
		2FE3FBBF29351AF00008FB33 /* Views */ = {
			isa = PBXGroup;
			children = (
				2F2AAB202A8ECC91001BF95E /* PieDonutCharts */,
				2FE3FBF4293563E20008FB33 /* AreaMarkCharts */,
				2FE3FBEE293563700008FB33 /* BarMarkCharts */,
				2FE3FBF3293563D40008FB33 /* RuleMarkCharts */,
				2FE3FBF2293563C50008FB33 /* PointMarkCharts */,
				2FE3FBF1293563B60008FB33 /* LineMarkCharts */,
				2FE3FBEF2935638F0008FB33 /* RectangleMarkCharts */,
				2FE3FBF9293566B00008FB33 /* AllChartTypesListView.swift */,
				2FE3FBFB2935670E0008FB33 /* ChartTypeExamplesListView.swift */,
			);
			path = Views;
			sourceTree = "<group>";
		};
		2FE3FBEE293563700008FB33 /* BarMarkCharts */ = {
			isa = PBXGroup;
			children = (
				2FE3FC0729358AE80008FB33 /* CumulativeBarChart.swift */,
				2FE3FBFF29357C470008FB33 /* PyramidBarChart.swift */,
				2FE3FC032935831F0008FB33 /* SingleBarChart.swift */,
				2FE3FC052935892E0008FB33 /* SingleBarThresholdChart.swift */,
				2FE3FC0929358DC20008FB33 /* ScrollingBarChart.swift */,
				2F79829E2936572000F8DA40 /* TimeSheetBarChart.swift */,
				2F7982A22936773200F8DA40 /* SoundBarChart.swift */,
				2F7982A829367F8200F8DA40 /* ScreenTimeBarChart.swift */,
				2FE3FBE829355E0D0008FB33 /* StorageBarChartView.swift */,
			);
			path = BarMarkCharts;
			sourceTree = "<group>";
		};
		2FE3FBEF2935638F0008FB33 /* RectangleMarkCharts */ = {
			isa = PBXGroup;
			children = (
				2FE3FBDC293548090008FB33 /* SimpleRectangleChart.swift */,
				2FE3FBD8293546510008FB33 /* HeatMapChart.swift */,
				2FE3FBE0293549DC0008FB33 /* RectanglePointChart.swift */,
			);
			path = RectangleMarkCharts;
			sourceTree = "<group>";
		};
		2FE3FBF1293563B60008FB33 /* LineMarkCharts */ = {
			isa = PBXGroup;
			children = (
				2FE3FBCE29353F870008FB33 /* SimpleLineChart.swift */,
				2FE3FBD0293540870008FB33 /* MultipleLineChart.swift */,
				2F7982AC2936D13B00F8DA40 /* PointLineChart.swift */,
				2F7982AE2937045700F8DA40 /* GradientLineChart.swift */,
				2F7982B02937092800F8DA40 /* MultipleLineThresholdChart.swift */,
			);
			path = LineMarkCharts;
			sourceTree = "<group>";
		};
		2FE3FBF2293563C50008FB33 /* PointMarkCharts */ = {
			isa = PBXGroup;
			children = (
				2FE3FBD22935429B0008FB33 /* SimplePointChart.swift */,
				2FE3FBD4293542EF0008FB33 /* StackedPointChart.swift */,
				2F7982B2293711FA00F8DA40 /* PointAverageChart.swift */,
			);
			path = PointMarkCharts;
			sourceTree = "<group>";
		};
		2FE3FBF3293563D40008FB33 /* RuleMarkCharts */ = {
			isa = PBXGroup;
			children = (
				2FE3FBE2293559D40008FB33 /* SimpleRuleMarkChart.swift */,
				2FE3FBE429355B640008FB33 /* StackedRuleMarkChart.swift */,
			);
			path = RuleMarkCharts;
			sourceTree = "<group>";
		};
		2FE3FBF4293563E20008FB33 /* AreaMarkCharts */ = {
			isa = PBXGroup;
			children = (
				2FE3FBC8293537E70008FB33 /* StackedAreaChartView.swift */,
				2FE3FBCC29353CDB0008FB33 /* RangeAreaChartView.swift */,
				2FE3FBC629352FEE0008FB33 /* SimpleAreaChartView.swift */,
			);
			path = AreaMarkCharts;
			sourceTree = "<group>";
		};
/* End PBXGroup section */

/* Begin PBXNativeTarget section */
		2FE3FBAA2935194C0008FB33 /* SwiftChartsDemo */ = {
			isa = PBXNativeTarget;
			buildConfigurationList = 2FE3FBB92935194D0008FB33 /* Build configuration list for PBXNativeTarget "SwiftChartsDemo" */;
			buildPhases = (
				2FE3FBA72935194C0008FB33 /* Sources */,
				2FE3FBA82935194C0008FB33 /* Frameworks */,
				2FE3FBA92935194C0008FB33 /* Resources */,
			);
			buildRules = (
			);
			dependencies = (
			);
			name = SwiftChartsDemo;
			productName = SwiftChartsDemo;
			productReference = 2FE3FBAB2935194C0008FB33 /* SwiftChartsDemo.app */;
			productType = "com.apple.product-type.application";
		};
/* End PBXNativeTarget section */

/* Begin PBXProject section */
		2FE3FBA32935194C0008FB33 /* Project object */ = {
			isa = PBXProject;
			attributes = {
				BuildIndependentTargetsInParallel = 1;
				LastSwiftUpdateCheck = 1410;
				LastUpgradeCheck = 1410;
				TargetAttributes = {
					2FE3FBAA2935194C0008FB33 = {
						CreatedOnToolsVersion = 14.1;
					};
				};
			};
			buildConfigurationList = 2FE3FBA62935194C0008FB33 /* Build configuration list for PBXProject "SwiftChartsDemo" */;
			compatibilityVersion = "Xcode 14.0";
			developmentRegion = en;
			hasScannedForEncodings = 0;
			knownRegions = (
				en,
				Base,
			);
			mainGroup = 2FE3FBA22935194C0008FB33;
			productRefGroup = 2FE3FBAC2935194C0008FB33 /* Products */;
			projectDirPath = "";
			projectRoot = "";
			targets = (
				2FE3FBAA2935194C0008FB33 /* SwiftChartsDemo */,
			);
		};
/* End PBXProject section */

/* Begin PBXResourcesBuildPhase section */
		2FE3FBA92935194C0008FB33 /* Resources */ = {
			isa = PBXResourcesBuildPhase;
			buildActionMask = 2147483647;
			files = (
				2FE3FBB62935194D0008FB33 /* Preview Assets.xcassets in Resources */,
				2FE3FBB32935194D0008FB33 /* Assets.xcassets in Resources */,
			);
			runOnlyForDeploymentPostprocessing = 0;
		};
/* End PBXResourcesBuildPhase section */

/* Begin PBXSourcesBuildPhase section */
		2FE3FBA72935194C0008FB33 /* Sources */ = {
			isa = PBXSourcesBuildPhase;
			buildActionMask = 2147483647;
			files = (
				2FE3FBB12935194C0008FB33 /* ContentView.swift in Sources */,
				2F7982B3293711FA00F8DA40 /* PointAverageChart.swift in Sources */,
				2F79829F2936572000F8DA40 /* TimeSheetBarChart.swift in Sources */,
				2F2AAB242A8ECE2B001BF95E /* DonutChart.swift in Sources */,
				2F7982AF2937045700F8DA40 /* GradientLineChart.swift in Sources */,
				2F7982A729367C4200F8DA40 /* ScreenTime.swift in Sources */,
				2FE3FC02293581F20008FB33 /* Population.swift in Sources */,
				2FE3FBD32935429B0008FB33 /* SimplePointChart.swift in Sources */,
				2FE3FBE529355B640008FB33 /* StackedRuleMarkChart.swift in Sources */,
				2FE3FBC729352FEE0008FB33 /* SimpleAreaChartView.swift in Sources */,
				2F7982A929367F8200F8DA40 /* ScreenTimeBarChart.swift in Sources */,
				2FE3FBCD29353CDB0008FB33 /* RangeAreaChartView.swift in Sources */,
				2FE3FBDD293548090008FB33 /* SimpleRectangleChart.swift in Sources */,
				2FE3FC0A29358DC20008FB33 /* ScrollingBarChart.swift in Sources */,
				2FE3FBD1293540870008FB33 /* MultipleLineChart.swift in Sources */,
				2FE3FBCF29353F870008FB33 /* SimpleLineChart.swift in Sources */,
				2FE3FBD5293542EF0008FB33 /* StackedPointChart.swift in Sources */,
				2F7982A5293677D100F8DA40 /* Sound.swift in Sources */,
				2FE3FBC9293537E70008FB33 /* StackedAreaChartView.swift in Sources */,
				2FE3FBE3293559D40008FB33 /* SimpleRuleMarkChart.swift in Sources */,
				2FE3FBC529352F3D0008FB33 /* Food.swift in Sources */,
				2FE3FBCB29353B0E0008FB33 /* Weather.swift in Sources */,
				2FE3FC0029357C470008FB33 /* PyramidBarChart.swift in Sources */,
				2FE3FBFA293566B00008FB33 /* AllChartTypesListView.swift in Sources */,
				2FE3FBFE29356D4D0008FB33 /* ChartType.swift in Sources */,
				2FE3FBAF2935194C0008FB33 /* SwiftChartsDemoApp.swift in Sources */,
				2F7982A12936614F00F8DA40 /* TimeEntry.swift in Sources */,
				2F7982A32936773200F8DA40 /* SoundBarChart.swift in Sources */,
				2FE3FBDF2935492E0008FB33 /* Coordinates.swift in Sources */,
				2F7982AB293687D900F8DA40 /* Storage.swift in Sources */,
				2FE3FBBE293519CD0008FB33 /* Toy.swift in Sources */,
				2F2AAB222A8ECCBE001BF95E /* PieChart.swift in Sources */,
				2FE3FC0829358AE80008FB33 /* CumulativeBarChart.swift in Sources */,
				2FE3FC062935892E0008FB33 /* SingleBarThresholdChart.swift in Sources */,
				2FE3FC042935831F0008FB33 /* SingleBarChart.swift in Sources */,
				2FE3FBE1293549DC0008FB33 /* RectanglePointChart.swift in Sources */,
				2F7982B12937092800F8DA40 /* MultipleLineThresholdChart.swift in Sources */,
				2FE3FBD9293546510008FB33 /* HeatMapChart.swift in Sources */,
				2FE3FBFC2935670E0008FB33 /* ChartTypeExamplesListView.swift in Sources */,
				2F7982AD2936D13B00F8DA40 /* PointLineChart.swift in Sources */,
				2FE3FBE929355E0D0008FB33 /* StorageBarChartView.swift in Sources */,
				2FE3FBDB293546820008FB33 /* MatrixEntry.swift in Sources */,
			);
			runOnlyForDeploymentPostprocessing = 0;
		};
/* End PBXSourcesBuildPhase section */

/* Begin XCBuildConfiguration section */
		2FE3FBB72935194D0008FB33 /* Debug */ = {
			isa = XCBuildConfiguration;
			buildSettings = {
				ALWAYS_SEARCH_USER_PATHS = NO;
				CLANG_ANALYZER_NONNULL = YES;
				CLANG_ANALYZER_NUMBER_OBJECT_CONVERSION = YES_AGGRESSIVE;
				CLANG_CXX_LANGUAGE_STANDARD = "gnu++20";
				CLANG_ENABLE_MODULES = YES;
				CLANG_ENABLE_OBJC_ARC = YES;
				CLANG_ENABLE_OBJC_WEAK = YES;
				CLANG_WARN_BLOCK_CAPTURE_AUTORELEASING = YES;
				CLANG_WARN_BOOL_CONVERSION = YES;
				CLANG_WARN_COMMA = YES;
				CLANG_WARN_CONSTANT_CONVERSION = YES;
				CLANG_WARN_DEPRECATED_OBJC_IMPLEMENTATIONS = YES;
				CLANG_WARN_DIRECT_OBJC_ISA_USAGE = YES_ERROR;
				CLANG_WARN_DOCUMENTATION_COMMENTS = YES;
				CLANG_WARN_EMPTY_BODY = YES;
				CLANG_WARN_ENUM_CONVERSION = YES;
				CLANG_WARN_INFINITE_RECURSION = YES;
				CLANG_WARN_INT_CONVERSION = YES;
				CLANG_WARN_NON_LITERAL_NULL_CONVERSION = YES;
				CLANG_WARN_OBJC_IMPLICIT_RETAIN_SELF = YES;
				CLANG_WARN_OBJC_LITERAL_CONVERSION = YES;
				CLANG_WARN_OBJC_ROOT_CLASS = YES_ERROR;
				CLANG_WARN_QUOTED_INCLUDE_IN_FRAMEWORK_HEADER = YES;
				CLANG_WARN_RANGE_LOOP_ANALYSIS = YES;
				CLANG_WARN_STRICT_PROTOTYPES = YES;
				CLANG_WARN_SUSPICIOUS_MOVE = YES;
				CLANG_WARN_UNGUARDED_AVAILABILITY = YES_AGGRESSIVE;
				CLANG_WARN_UNREACHABLE_CODE = YES;
				CLANG_WARN__DUPLICATE_METHOD_MATCH = YES;
				COPY_PHASE_STRIP = NO;
				DEBUG_INFORMATION_FORMAT = dwarf;
				ENABLE_STRICT_OBJC_MSGSEND = YES;
				ENABLE_TESTABILITY = YES;
				GCC_C_LANGUAGE_STANDARD = gnu11;
				GCC_DYNAMIC_NO_PIC = NO;
				GCC_NO_COMMON_BLOCKS = YES;
				GCC_OPTIMIZATION_LEVEL = 0;
				GCC_PREPROCESSOR_DEFINITIONS = (
					"DEBUG=1",
					"$(inherited)",
				);
				GCC_WARN_64_TO_32_BIT_CONVERSION = YES;
				GCC_WARN_ABOUT_RETURN_TYPE = YES_ERROR;
				GCC_WARN_UNDECLARED_SELECTOR = YES;
				GCC_WARN_UNINITIALIZED_AUTOS = YES_AGGRESSIVE;
				GCC_WARN_UNUSED_FUNCTION = YES;
				GCC_WARN_UNUSED_VARIABLE = YES;
				IPHONEOS_DEPLOYMENT_TARGET = 16.1;
				MTL_ENABLE_DEBUG_INFO = INCLUDE_SOURCE;
				MTL_FAST_MATH = YES;
				ONLY_ACTIVE_ARCH = YES;
				SDKROOT = iphoneos;
				SWIFT_ACTIVE_COMPILATION_CONDITIONS = DEBUG;
				SWIFT_OPTIMIZATION_LEVEL = "-Onone";
			};
			name = Debug;
		};
		2FE3FBB82935194D0008FB33 /* Release */ = {
			isa = XCBuildConfiguration;
			buildSettings = {
				ALWAYS_SEARCH_USER_PATHS = NO;
				CLANG_ANALYZER_NONNULL = YES;
				CLANG_ANALYZER_NUMBER_OBJECT_CONVERSION = YES_AGGRESSIVE;
				CLANG_CXX_LANGUAGE_STANDARD = "gnu++20";
				CLANG_ENABLE_MODULES = YES;
				CLANG_ENABLE_OBJC_ARC = YES;
				CLANG_ENABLE_OBJC_WEAK = YES;
				CLANG_WARN_BLOCK_CAPTURE_AUTORELEASING = YES;
				CLANG_WARN_BOOL_CONVERSION = YES;
				CLANG_WARN_COMMA = YES;
				CLANG_WARN_CONSTANT_CONVERSION = YES;
				CLANG_WARN_DEPRECATED_OBJC_IMPLEMENTATIONS = YES;
				CLANG_WARN_DIRECT_OBJC_ISA_USAGE = YES_ERROR;
				CLANG_WARN_DOCUMENTATION_COMMENTS = YES;
				CLANG_WARN_EMPTY_BODY = YES;
				CLANG_WARN_ENUM_CONVERSION = YES;
				CLANG_WARN_INFINITE_RECURSION = YES;
				CLANG_WARN_INT_CONVERSION = YES;
				CLANG_WARN_NON_LITERAL_NULL_CONVERSION = YES;
				CLANG_WARN_OBJC_IMPLICIT_RETAIN_SELF = YES;
				CLANG_WARN_OBJC_LITERAL_CONVERSION = YES;
				CLANG_WARN_OBJC_ROOT_CLASS = YES_ERROR;
				CLANG_WARN_QUOTED_INCLUDE_IN_FRAMEWORK_HEADER = YES;
				CLANG_WARN_RANGE_LOOP_ANALYSIS = YES;
				CLANG_WARN_STRICT_PROTOTYPES = YES;
				CLANG_WARN_SUSPICIOUS_MOVE = YES;
				CLANG_WARN_UNGUARDED_AVAILABILITY = YES_AGGRESSIVE;
				CLANG_WARN_UNREACHABLE_CODE = YES;
				CLANG_WARN__DUPLICATE_METHOD_MATCH = YES;
				COPY_PHASE_STRIP = NO;
				DEBUG_INFORMATION_FORMAT = "dwarf-with-dsym";
				ENABLE_NS_ASSERTIONS = NO;
				ENABLE_STRICT_OBJC_MSGSEND = YES;
				GCC_C_LANGUAGE_STANDARD = gnu11;
				GCC_NO_COMMON_BLOCKS = YES;
				GCC_WARN_64_TO_32_BIT_CONVERSION = YES;
				GCC_WARN_ABOUT_RETURN_TYPE = YES_ERROR;
				GCC_WARN_UNDECLARED_SELECTOR = YES;
				GCC_WARN_UNINITIALIZED_AUTOS = YES_AGGRESSIVE;
				GCC_WARN_UNUSED_FUNCTION = YES;
				GCC_WARN_UNUSED_VARIABLE = YES;
				IPHONEOS_DEPLOYMENT_TARGET = 16.1;
				MTL_ENABLE_DEBUG_INFO = NO;
				MTL_FAST_MATH = YES;
				SDKROOT = iphoneos;
				SWIFT_COMPILATION_MODE = wholemodule;
				SWIFT_OPTIMIZATION_LEVEL = "-O";
				VALIDATE_PRODUCT = YES;
			};
			name = Release;
		};
		2FE3FBBA2935194D0008FB33 /* Debug */ = {
			isa = XCBuildConfiguration;
			buildSettings = {
				ASSETCATALOG_COMPILER_APPICON_NAME = AppIcon;
				ASSETCATALOG_COMPILER_GLOBAL_ACCENT_COLOR_NAME = AccentColor;
				CODE_SIGN_STYLE = Automatic;
				CURRENT_PROJECT_VERSION = 1;
				DEVELOPMENT_ASSET_PATHS = "\"SwiftChartsDemo/Preview Content\"";
				DEVELOPMENT_TEAM = X555J2KHFQ;
				ENABLE_PREVIEWS = YES;
				GENERATE_INFOPLIST_FILE = YES;
				INFOPLIST_KEY_UIApplicationSceneManifest_Generation = YES;
				INFOPLIST_KEY_UIApplicationSupportsIndirectInputEvents = YES;
				INFOPLIST_KEY_UILaunchScreen_Generation = YES;
				INFOPLIST_KEY_UISupportedInterfaceOrientations_iPad = "UIInterfaceOrientationPortrait UIInterfaceOrientationPortraitUpsideDown UIInterfaceOrientationLandscapeLeft UIInterfaceOrientationLandscapeRight";
				INFOPLIST_KEY_UISupportedInterfaceOrientations_iPhone = "UIInterfaceOrientationPortrait UIInterfaceOrientationLandscapeLeft UIInterfaceOrientationLandscapeRight";
				IPHONEOS_DEPLOYMENT_TARGET = 17.0;
				LD_RUNPATH_SEARCH_PATHS = (
					"$(inherited)",
					"@executable_path/Frameworks",
				);
				MARKETING_VERSION = 1.0;
				PRODUCT_BUNDLE_IDENTIFIER = org.churchofjesuschrist.SwiftChartsDemo;
				PRODUCT_NAME = "$(TARGET_NAME)";
				SWIFT_EMIT_LOC_STRINGS = YES;
				SWIFT_VERSION = 5.0;
				TARGETED_DEVICE_FAMILY = "1,2";
			};
			name = Debug;
		};
		2FE3FBBB2935194D0008FB33 /* Release */ = {
			isa = XCBuildConfiguration;
			buildSettings = {
				ASSETCATALOG_COMPILER_APPICON_NAME = AppIcon;
				ASSETCATALOG_COMPILER_GLOBAL_ACCENT_COLOR_NAME = AccentColor;
				CODE_SIGN_STYLE = Automatic;
				CURRENT_PROJECT_VERSION = 1;
				DEVELOPMENT_ASSET_PATHS = "\"SwiftChartsDemo/Preview Content\"";
				DEVELOPMENT_TEAM = X555J2KHFQ;
				ENABLE_PREVIEWS = YES;
				GENERATE_INFOPLIST_FILE = YES;
				INFOPLIST_KEY_UIApplicationSceneManifest_Generation = YES;
				INFOPLIST_KEY_UIApplicationSupportsIndirectInputEvents = YES;
				INFOPLIST_KEY_UILaunchScreen_Generation = YES;
				INFOPLIST_KEY_UISupportedInterfaceOrientations_iPad = "UIInterfaceOrientationPortrait UIInterfaceOrientationPortraitUpsideDown UIInterfaceOrientationLandscapeLeft UIInterfaceOrientationLandscapeRight";
				INFOPLIST_KEY_UISupportedInterfaceOrientations_iPhone = "UIInterfaceOrientationPortrait UIInterfaceOrientationLandscapeLeft UIInterfaceOrientationLandscapeRight";
				IPHONEOS_DEPLOYMENT_TARGET = 17.0;
				LD_RUNPATH_SEARCH_PATHS = (
					"$(inherited)",
					"@executable_path/Frameworks",
				);
				MARKETING_VERSION = 1.0;
				PRODUCT_BUNDLE_IDENTIFIER = org.churchofjesuschrist.SwiftChartsDemo;
				PRODUCT_NAME = "$(TARGET_NAME)";
				SWIFT_EMIT_LOC_STRINGS = YES;
				SWIFT_VERSION = 5.0;
				TARGETED_DEVICE_FAMILY = "1,2";
			};
			name = Release;
		};
/* End XCBuildConfiguration section */

/* Begin XCConfigurationList section */
		2FE3FBA62935194C0008FB33 /* Build configuration list for PBXProject "SwiftChartsDemo" */ = {
			isa = XCConfigurationList;
			buildConfigurations = (
				2FE3FBB72935194D0008FB33 /* Debug */,
				2FE3FBB82935194D0008FB33 /* Release */,
			);
			defaultConfigurationIsVisible = 0;
			defaultConfigurationName = Release;
		};
		2FE3FBB92935194D0008FB33 /* Build configuration list for PBXNativeTarget "SwiftChartsDemo" */ = {
			isa = XCConfigurationList;
			buildConfigurations = (
				2FE3FBBA2935194D0008FB33 /* Debug */,
				2FE3FBBB2935194D0008FB33 /* Release */,
			);
			defaultConfigurationIsVisible = 0;
			defaultConfigurationName = Release;
		};
/* End XCConfigurationList section */
	};
	rootObject = 2FE3FBA32935194C0008FB33 /* Project object */;
}
